// !$*UTF8*$!
{
	archiveVersion = 1;
	classes = {
	};
	objectVersion = 56;
	objects = {

/* Begin PBXBuildFile section */
		222E33C02DD3E0090022E033 /* LeaguesViewController.swift in Sources */ = {isa = PBXBuildFile; fileRef = 222E33BF2DD3E0090022E033 /* LeaguesViewController.swift */; };
		222E33C72DD3E8E30022E033 /* SDWebImage in Frameworks */ = {isa = PBXBuildFile; productRef = 222E33C62DD3E8E30022E033 /* SDWebImage */; };
		222E33C92DD3E8E70022E033 /* SDWebImageMapKit in Frameworks */ = {isa = PBXBuildFile; productRef = 222E33C82DD3E8E70022E033 /* SDWebImageMapKit */; };
		222E33CC2DD3EEB80022E033 /* SportApiServive.swift in Sources */ = {isa = PBXBuildFile; fileRef = 222E33CB2DD3EEB80022E033 /* SportApiServive.swift */; };
		222E33CE2DD3EEFD0022E033 /* Alamofire in Frameworks */ = {isa = PBXBuildFile; productRef = 222E33CD2DD3EEFD0022E033 /* Alamofire */; };
		222E33D02DD3EF020022E033 /* AlamofireDynamic in Frameworks */ = {isa = PBXBuildFile; productRef = 222E33CF2DD3EF020022E033 /* AlamofireDynamic */; };
		222E33D12DD3EF020022E033 /* AlamofireDynamic in Embed Frameworks */ = {isa = PBXBuildFile; productRef = 222E33CF2DD3EF020022E033 /* AlamofireDynamic */; settings = {ATTRIBUTES = (CodeSignOnCopy, ); }; };
		222E33D52DD3EF910022E033 /* League.swift in Sources */ = {isa = PBXBuildFile; fileRef = 222E33D42DD3EF910022E033 /* League.swift */; };
		2293E1772DD26D58000A26EA /* AppDelegate.swift in Sources */ = {isa = PBXBuildFile; fileRef = 2293E1762DD26D58000A26EA /* AppDelegate.swift */; };
		2293E1792DD26D58000A26EA /* SceneDelegate.swift in Sources */ = {isa = PBXBuildFile; fileRef = 2293E1782DD26D58000A26EA /* SceneDelegate.swift */; };
		2293E17B2DD26D58000A26EA /* ViewController.swift in Sources */ = {isa = PBXBuildFile; fileRef = 2293E17A2DD26D58000A26EA /* ViewController.swift */; };
		2293E17E2DD26D58000A26EA /* Main.storyboard in Resources */ = {isa = PBXBuildFile; fileRef = 2293E17C2DD26D58000A26EA /* Main.storyboard */; };
		2293E1812DD26D58000A26EA /* Sportify.xcdatamodeld in Sources */ = {isa = PBXBuildFile; fileRef = 2293E17F2DD26D58000A26EA /* Sportify.xcdatamodeld */; };
		2293E1832DD26D5B000A26EA /* Assets.xcassets in Resources */ = {isa = PBXBuildFile; fileRef = 2293E1822DD26D5B000A26EA /* Assets.xcassets */; };
		2293E1862DD26D5B000A26EA /* LaunchScreen.storyboard in Resources */ = {isa = PBXBuildFile; fileRef = 2293E1842DD26D5B000A26EA /* LaunchScreen.storyboard */; };
		2293E1912DD26D5B000A26EA /* SportifyTests.swift in Sources */ = {isa = PBXBuildFile; fileRef = 2293E1902DD26D5B000A26EA /* SportifyTests.swift */; };
		2293E19B2DD26D5B000A26EA /* SportifyUITests.swift in Sources */ = {isa = PBXBuildFile; fileRef = 2293E19A2DD26D5B000A26EA /* SportifyUITests.swift */; };
		2293E19D2DD26D5B000A26EA /* SportifyUITestsLaunchTests.swift in Sources */ = {isa = PBXBuildFile; fileRef = 2293E19C2DD26D5B000A26EA /* SportifyUITestsLaunchTests.swift */; };
/* End PBXBuildFile section */

/* Begin PBXContainerItemProxy section */
		2293E18D2DD26D5B000A26EA /* PBXContainerItemProxy */ = {
			isa = PBXContainerItemProxy;
			containerPortal = 2293E16B2DD26D58000A26EA /* Project object */;
			proxyType = 1;
			remoteGlobalIDString = 2293E1722DD26D58000A26EA;
			remoteInfo = Sportify;
		};
		2293E1972DD26D5B000A26EA /* PBXContainerItemProxy */ = {
			isa = PBXContainerItemProxy;
			containerPortal = 2293E16B2DD26D58000A26EA /* Project object */;
			proxyType = 1;
			remoteGlobalIDString = 2293E1722DD26D58000A26EA;
			remoteInfo = Sportify;
		};
/* End PBXContainerItemProxy section */

/* Begin PBXCopyFilesBuildPhase section */
		222E33D22DD3EF020022E033 /* Embed Frameworks */ = {
			isa = PBXCopyFilesBuildPhase;
			buildActionMask = 2147483647;
			dstPath = "";
			dstSubfolderSpec = 10;
			files = (
				222E33D12DD3EF020022E033 /* AlamofireDynamic in Embed Frameworks */,
			);
			name = "Embed Frameworks";
			runOnlyForDeploymentPostprocessing = 0;
		};
/* End PBXCopyFilesBuildPhase section */

/* Begin PBXFileReference section */
		222E33BF2DD3E0090022E033 /* LeaguesViewController.swift */ = {isa = PBXFileReference; lastKnownFileType = sourcecode.swift; path = LeaguesViewController.swift; sourceTree = "<group>"; };
		222E33CB2DD3EEB80022E033 /* SportApiServive.swift */ = {isa = PBXFileReference; lastKnownFileType = sourcecode.swift; path = SportApiServive.swift; sourceTree = "<group>"; };
		222E33D42DD3EF910022E033 /* League.swift */ = {isa = PBXFileReference; lastKnownFileType = sourcecode.swift; path = League.swift; sourceTree = "<group>"; };
		2293E1732DD26D58000A26EA /* Sportify.app */ = {isa = PBXFileReference; explicitFileType = wrapper.application; includeInIndex = 0; path = Sportify.app; sourceTree = BUILT_PRODUCTS_DIR; };
		2293E1762DD26D58000A26EA /* AppDelegate.swift */ = {isa = PBXFileReference; lastKnownFileType = sourcecode.swift; path = AppDelegate.swift; sourceTree = "<group>"; };
		2293E1782DD26D58000A26EA /* SceneDelegate.swift */ = {isa = PBXFileReference; lastKnownFileType = sourcecode.swift; path = SceneDelegate.swift; sourceTree = "<group>"; };
		2293E17A2DD26D58000A26EA /* ViewController.swift */ = {isa = PBXFileReference; lastKnownFileType = sourcecode.swift; path = ViewController.swift; sourceTree = "<group>"; };
		2293E17D2DD26D58000A26EA /* Base */ = {isa = PBXFileReference; lastKnownFileType = file.storyboard; name = Base; path = Base.lproj/Main.storyboard; sourceTree = "<group>"; };
		2293E1802DD26D58000A26EA /* Sportify.xcdatamodel */ = {isa = PBXFileReference; lastKnownFileType = wrapper.xcdatamodel; path = Sportify.xcdatamodel; sourceTree = "<group>"; };
		2293E1822DD26D5B000A26EA /* Assets.xcassets */ = {isa = PBXFileReference; lastKnownFileType = folder.assetcatalog; path = Assets.xcassets; sourceTree = "<group>"; };
		2293E1852DD26D5B000A26EA /* Base */ = {isa = PBXFileReference; lastKnownFileType = file.storyboard; name = Base; path = Base.lproj/LaunchScreen.storyboard; sourceTree = "<group>"; };
		2293E1872DD26D5B000A26EA /* Info.plist */ = {isa = PBXFileReference; lastKnownFileType = text.plist.xml; path = Info.plist; sourceTree = "<group>"; };
		2293E18C2DD26D5B000A26EA /* SportifyTests.xctest */ = {isa = PBXFileReference; explicitFileType = wrapper.cfbundle; includeInIndex = 0; path = SportifyTests.xctest; sourceTree = BUILT_PRODUCTS_DIR; };
		2293E1902DD26D5B000A26EA /* SportifyTests.swift */ = {isa = PBXFileReference; lastKnownFileType = sourcecode.swift; path = SportifyTests.swift; sourceTree = "<group>"; };
		2293E1962DD26D5B000A26EA /* SportifyUITests.xctest */ = {isa = PBXFileReference; explicitFileType = wrapper.cfbundle; includeInIndex = 0; path = SportifyUITests.xctest; sourceTree = BUILT_PRODUCTS_DIR; };
		2293E19A2DD26D5B000A26EA /* SportifyUITests.swift */ = {isa = PBXFileReference; lastKnownFileType = sourcecode.swift; path = SportifyUITests.swift; sourceTree = "<group>"; };
		2293E19C2DD26D5B000A26EA /* SportifyUITestsLaunchTests.swift */ = {isa = PBXFileReference; lastKnownFileType = sourcecode.swift; path = SportifyUITestsLaunchTests.swift; sourceTree = "<group>"; };
		2293E1A92DD26D84000A26EA /* ar */ = {isa = PBXFileReference; lastKnownFileType = text.plist.strings; name = ar; path = ar.lproj/Main.strings; sourceTree = "<group>"; };
		2293E1AA2DD26D84000A26EA /* ar */ = {isa = PBXFileReference; lastKnownFileType = text.plist.strings; name = ar; path = ar.lproj/LaunchScreen.strings; sourceTree = "<group>"; };
/* End PBXFileReference section */

/* Begin PBXFrameworksBuildPhase section */
		2293E1702DD26D58000A26EA /* Frameworks */ = {
			isa = PBXFrameworksBuildPhase;
			buildActionMask = 2147483647;
			files = (
				222E33CE2DD3EEFD0022E033 /* Alamofire in Frameworks */,
				222E33D02DD3EF020022E033 /* AlamofireDynamic in Frameworks */,
				222E33C92DD3E8E70022E033 /* SDWebImageMapKit in Frameworks */,
				222E33C72DD3E8E30022E033 /* SDWebImage in Frameworks */,
			);
			runOnlyForDeploymentPostprocessing = 0;
		};
		2293E1892DD26D5B000A26EA /* Frameworks */ = {
			isa = PBXFrameworksBuildPhase;
			buildActionMask = 2147483647;
			files = (
			);
			runOnlyForDeploymentPostprocessing = 0;
		};
		2293E1932DD26D5B000A26EA /* Frameworks */ = {
			isa = PBXFrameworksBuildPhase;
			buildActionMask = 2147483647;
			files = (
			);
			runOnlyForDeploymentPostprocessing = 0;
		};
/* End PBXFrameworksBuildPhase section */

/* Begin PBXGroup section */
		222E33C52DD3E8DC0022E033 /* Frameworks */ = {
			isa = PBXGroup;
			children = (
			);
			name = Frameworks;
			sourceTree = "<group>";
		};
		222E33D32DD3EF820022E033 /* Model */ = {
			isa = PBXGroup;
			children = (
				222E33D42DD3EF910022E033 /* League.swift */,
			);
			path = Model;
			sourceTree = "<group>";
		};
		2293E16A2DD26D58000A26EA = {
			isa = PBXGroup;
			children = (
				2293E1752DD26D58000A26EA /* Sportify */,
				2293E18F2DD26D5B000A26EA /* SportifyTests */,
				2293E1992DD26D5B000A26EA /* SportifyUITests */,
				2293E1742DD26D58000A26EA /* Products */,
				222E33C52DD3E8DC0022E033 /* Frameworks */,
			);
			sourceTree = "<group>";
		};
		2293E1742DD26D58000A26EA /* Products */ = {
			isa = PBXGroup;
			children = (
				2293E1732DD26D58000A26EA /* Sportify.app */,
				2293E18C2DD26D5B000A26EA /* SportifyTests.xctest */,
				2293E1962DD26D5B000A26EA /* SportifyUITests.xctest */,
			);
			name = Products;
			sourceTree = "<group>";
		};
		2293E1752DD26D58000A26EA /* Sportify */ = {
			isa = PBXGroup;
			children = (
				222E33D32DD3EF820022E033 /* Model */,
				2293E1762DD26D58000A26EA /* AppDelegate.swift */,
				2293E1782DD26D58000A26EA /* SceneDelegate.swift */,
				2293E17A2DD26D58000A26EA /* ViewController.swift */,
				2293E17C2DD26D58000A26EA /* Main.storyboard */,
				2293E1822DD26D5B000A26EA /* Assets.xcassets */,
				2293E1842DD26D5B000A26EA /* LaunchScreen.storyboard */,
				2293E1872DD26D5B000A26EA /* Info.plist */,
				2293E17F2DD26D58000A26EA /* Sportify.xcdatamodeld */,
				222E33BF2DD3E0090022E033 /* LeaguesViewController.swift */,
				222E33CB2DD3EEB80022E033 /* SportApiServive.swift */,
			);
			path = Sportify;
			sourceTree = "<group>";
		};
		2293E18F2DD26D5B000A26EA /* SportifyTests */ = {
			isa = PBXGroup;
			children = (
				2293E1902DD26D5B000A26EA /* SportifyTests.swift */,
			);
			path = SportifyTests;
			sourceTree = "<group>";
		};
		2293E1992DD26D5B000A26EA /* SportifyUITests */ = {
			isa = PBXGroup;
			children = (
				2293E19A2DD26D5B000A26EA /* SportifyUITests.swift */,
				2293E19C2DD26D5B000A26EA /* SportifyUITestsLaunchTests.swift */,
			);
			path = SportifyUITests;
			sourceTree = "<group>";
		};
/* End PBXGroup section */

/* Begin PBXNativeTarget section */
		2293E1722DD26D58000A26EA /* Sportify */ = {
			isa = PBXNativeTarget;
			buildConfigurationList = 2293E1A02DD26D5B000A26EA /* Build configuration list for PBXNativeTarget "Sportify" */;
			buildPhases = (
				2293E16F2DD26D58000A26EA /* Sources */,
				2293E1702DD26D58000A26EA /* Frameworks */,
				2293E1712DD26D58000A26EA /* Resources */,
				222E33D22DD3EF020022E033 /* Embed Frameworks */,
			);
			buildRules = (
			);
			dependencies = (
			);
			name = Sportify;
			packageProductDependencies = (
				222E33C62DD3E8E30022E033 /* SDWebImage */,
				222E33C82DD3E8E70022E033 /* SDWebImageMapKit */,
				222E33CD2DD3EEFD0022E033 /* Alamofire */,
				222E33CF2DD3EF020022E033 /* AlamofireDynamic */,
			);
			productName = Sportify;
			productReference = 2293E1732DD26D58000A26EA /* Sportify.app */;
			productType = "com.apple.product-type.application";
		};
		2293E18B2DD26D5B000A26EA /* SportifyTests */ = {
			isa = PBXNativeTarget;
			buildConfigurationList = 2293E1A32DD26D5B000A26EA /* Build configuration list for PBXNativeTarget "SportifyTests" */;
			buildPhases = (
				2293E1882DD26D5B000A26EA /* Sources */,
				2293E1892DD26D5B000A26EA /* Frameworks */,
				2293E18A2DD26D5B000A26EA /* Resources */,
			);
			buildRules = (
			);
			dependencies = (
				2293E18E2DD26D5B000A26EA /* PBXTargetDependency */,
			);
			name = SportifyTests;
			productName = SportifyTests;
			productReference = 2293E18C2DD26D5B000A26EA /* SportifyTests.xctest */;
			productType = "com.apple.product-type.bundle.unit-test";
		};
		2293E1952DD26D5B000A26EA /* SportifyUITests */ = {
			isa = PBXNativeTarget;
			buildConfigurationList = 2293E1A62DD26D5B000A26EA /* Build configuration list for PBXNativeTarget "SportifyUITests" */;
			buildPhases = (
				2293E1922DD26D5B000A26EA /* Sources */,
				2293E1932DD26D5B000A26EA /* Frameworks */,
				2293E1942DD26D5B000A26EA /* Resources */,
			);
			buildRules = (
			);
			dependencies = (
				2293E1982DD26D5B000A26EA /* PBXTargetDependency */,
			);
			name = SportifyUITests;
			productName = SportifyUITests;
			productReference = 2293E1962DD26D5B000A26EA /* SportifyUITests.xctest */;
			productType = "com.apple.product-type.bundle.ui-testing";
		};
/* End PBXNativeTarget section */

/* Begin PBXProject section */
		2293E16B2DD26D58000A26EA /* Project object */ = {
			isa = PBXProject;
			attributes = {
				BuildIndependentTargetsInParallel = 1;
				LastSwiftUpdateCheck = 1500;
				LastUpgradeCheck = 1500;
				TargetAttributes = {
					2293E1722DD26D58000A26EA = {
						CreatedOnToolsVersion = 15.0;
					};
					2293E18B2DD26D5B000A26EA = {
						CreatedOnToolsVersion = 15.0;
						TestTargetID = 2293E1722DD26D58000A26EA;
					};
					2293E1952DD26D5B000A26EA = {
						CreatedOnToolsVersion = 15.0;
						TestTargetID = 2293E1722DD26D58000A26EA;
					};
				};
			};
			buildConfigurationList = 2293E16E2DD26D58000A26EA /* Build configuration list for PBXProject "Sportify" */;
			compatibilityVersion = "Xcode 14.0";
			developmentRegion = en;
			hasScannedForEncodings = 0;
			knownRegions = (
				en,
				Base,
				ar,
			);
			mainGroup = 2293E16A2DD26D58000A26EA;
			packageReferences = (
				222E33C42DD3E8560022E033 /* XCRemoteSwiftPackageReference "SDWebImage" */,
				222E33CA2DD3EE910022E033 /* XCRemoteSwiftPackageReference "Alamofire" */,
			);
			productRefGroup = 2293E1742DD26D58000A26EA /* Products */;
			projectDirPath = "";
			projectRoot = "";
			targets = (
				2293E1722DD26D58000A26EA /* Sportify */,
				2293E18B2DD26D5B000A26EA /* SportifyTests */,
				2293E1952DD26D5B000A26EA /* SportifyUITests */,
			);
		};
/* End PBXProject section */

/* Begin PBXResourcesBuildPhase section */
		2293E1712DD26D58000A26EA /* Resources */ = {
			isa = PBXResourcesBuildPhase;
			buildActionMask = 2147483647;
			files = (
				2293E1862DD26D5B000A26EA /* LaunchScreen.storyboard in Resources */,
				2293E1832DD26D5B000A26EA /* Assets.xcassets in Resources */,
				2293E17E2DD26D58000A26EA /* Main.storyboard in Resources */,
			);
			runOnlyForDeploymentPostprocessing = 0;
		};
		2293E18A2DD26D5B000A26EA /* Resources */ = {
			isa = PBXResourcesBuildPhase;
			buildActionMask = 2147483647;
			files = (
			);
			runOnlyForDeploymentPostprocessing = 0;
		};
		2293E1942DD26D5B000A26EA /* Resources */ = {
			isa = PBXResourcesBuildPhase;
			buildActionMask = 2147483647;
			files = (
			);
			runOnlyForDeploymentPostprocessing = 0;
		};
/* End PBXResourcesBuildPhase section */

/* Begin PBXSourcesBuildPhase section */
		2293E16F2DD26D58000A26EA /* Sources */ = {
			isa = PBXSourcesBuildPhase;
			buildActionMask = 2147483647;
			files = (
				222E33D52DD3EF910022E033 /* League.swift in Sources */,
				2293E17B2DD26D58000A26EA /* ViewController.swift in Sources */,
				2293E1812DD26D58000A26EA /* Sportify.xcdatamodeld in Sources */,
				222E33C02DD3E0090022E033 /* LeaguesViewController.swift in Sources */,
				2293E1772DD26D58000A26EA /* AppDelegate.swift in Sources */,
				222E33CC2DD3EEB80022E033 /* SportApiServive.swift in Sources */,
				2293E1792DD26D58000A26EA /* SceneDelegate.swift in Sources */,
			);
			runOnlyForDeploymentPostprocessing = 0;
		};
		2293E1882DD26D5B000A26EA /* Sources */ = {
			isa = PBXSourcesBuildPhase;
			buildActionMask = 2147483647;
			files = (
				2293E1912DD26D5B000A26EA /* SportifyTests.swift in Sources */,
			);
			runOnlyForDeploymentPostprocessing = 0;
		};
		2293E1922DD26D5B000A26EA /* Sources */ = {
			isa = PBXSourcesBuildPhase;
			buildActionMask = 2147483647;
			files = (
				2293E19D2DD26D5B000A26EA /* SportifyUITestsLaunchTests.swift in Sources */,
				2293E19B2DD26D5B000A26EA /* SportifyUITests.swift in Sources */,
			);
			runOnlyForDeploymentPostprocessing = 0;
		};
/* End PBXSourcesBuildPhase section */

/* Begin PBXTargetDependency section */
		2293E18E2DD26D5B000A26EA /* PBXTargetDependency */ = {
			isa = PBXTargetDependency;
			target = 2293E1722DD26D58000A26EA /* Sportify */;
			targetProxy = 2293E18D2DD26D5B000A26EA /* PBXContainerItemProxy */;
		};
		2293E1982DD26D5B000A26EA /* PBXTargetDependency */ = {
			isa = PBXTargetDependency;
			target = 2293E1722DD26D58000A26EA /* Sportify */;
			targetProxy = 2293E1972DD26D5B000A26EA /* PBXContainerItemProxy */;
		};
/* End PBXTargetDependency section */

/* Begin PBXVariantGroup section */
		2293E17C2DD26D58000A26EA /* Main.storyboard */ = {
			isa = PBXVariantGroup;
			children = (
				2293E17D2DD26D58000A26EA /* Base */,
				2293E1A92DD26D84000A26EA /* ar */,
			);
			name = Main.storyboard;
			sourceTree = "<group>";
		};
		2293E1842DD26D5B000A26EA /* LaunchScreen.storyboard */ = {
			isa = PBXVariantGroup;
			children = (
				2293E1852DD26D5B000A26EA /* Base */,
				2293E1AA2DD26D84000A26EA /* ar */,
			);
			name = LaunchScreen.storyboard;
			sourceTree = "<group>";
		};
/* End PBXVariantGroup section */

/* Begin XCBuildConfiguration section */
		2293E19E2DD26D5B000A26EA /* Debug */ = {
			isa = XCBuildConfiguration;
			buildSettings = {
				ALWAYS_SEARCH_USER_PATHS = NO;
				ASSETCATALOG_COMPILER_GENERATE_SWIFT_ASSET_SYMBOL_EXTENSIONS = YES;
				CLANG_ANALYZER_LOCALIZABILITY_NONLOCALIZED = YES;
				CLANG_ANALYZER_NONNULL = YES;
				CLANG_ANALYZER_NUMBER_OBJECT_CONVERSION = YES_AGGRESSIVE;
				CLANG_CXX_LANGUAGE_STANDARD = "gnu++20";
				CLANG_ENABLE_MODULES = YES;
				CLANG_ENABLE_OBJC_ARC = YES;
				CLANG_ENABLE_OBJC_WEAK = YES;
				CLANG_WARN_BLOCK_CAPTURE_AUTORELEASING = YES;
				CLANG_WARN_BOOL_CONVERSION = YES;
				CLANG_WARN_COMMA = YES;
				CLANG_WARN_CONSTANT_CONVERSION = YES;
				CLANG_WARN_DEPRECATED_OBJC_IMPLEMENTATIONS = YES;
				CLANG_WARN_DIRECT_OBJC_ISA_USAGE = YES_ERROR;
				CLANG_WARN_DOCUMENTATION_COMMENTS = YES;
				CLANG_WARN_EMPTY_BODY = YES;
				CLANG_WARN_ENUM_CONVERSION = YES;
				CLANG_WARN_INFINITE_RECURSION = YES;
				CLANG_WARN_INT_CONVERSION = YES;
				CLANG_WARN_NON_LITERAL_NULL_CONVERSION = YES;
				CLANG_WARN_OBJC_IMPLICIT_RETAIN_SELF = YES;
				CLANG_WARN_OBJC_LITERAL_CONVERSION = YES;
				CLANG_WARN_OBJC_ROOT_CLASS = YES_ERROR;
				CLANG_WARN_QUOTED_INCLUDE_IN_FRAMEWORK_HEADER = YES;
				CLANG_WARN_RANGE_LOOP_ANALYSIS = YES;
				CLANG_WARN_STRICT_PROTOTYPES = YES;
				CLANG_WARN_SUSPICIOUS_MOVE = YES;
				CLANG_WARN_UNGUARDED_AVAILABILITY = YES_AGGRESSIVE;
				CLANG_WARN_UNREACHABLE_CODE = YES;
				CLANG_WARN__DUPLICATE_METHOD_MATCH = YES;
				COPY_PHASE_STRIP = NO;
				DEBUG_INFORMATION_FORMAT = dwarf;
				ENABLE_STRICT_OBJC_MSGSEND = YES;
				ENABLE_TESTABILITY = YES;
				ENABLE_USER_SCRIPT_SANDBOXING = YES;
				GCC_C_LANGUAGE_STANDARD = gnu17;
				GCC_DYNAMIC_NO_PIC = NO;
				GCC_NO_COMMON_BLOCKS = YES;
				GCC_OPTIMIZATION_LEVEL = 0;
				GCC_PREPROCESSOR_DEFINITIONS = (
					"DEBUG=1",
					"$(inherited)",
				);
				GCC_WARN_64_TO_32_BIT_CONVERSION = YES;
				GCC_WARN_ABOUT_RETURN_TYPE = YES_ERROR;
				GCC_WARN_UNDECLARED_SELECTOR = YES;
				GCC_WARN_UNINITIALIZED_AUTOS = YES_AGGRESSIVE;
				GCC_WARN_UNUSED_FUNCTION = YES;
				GCC_WARN_UNUSED_VARIABLE = YES;
				IPHONEOS_DEPLOYMENT_TARGET = 17.0;
				LOCALIZATION_PREFERS_STRING_CATALOGS = YES;
				MTL_ENABLE_DEBUG_INFO = INCLUDE_SOURCE;
				MTL_FAST_MATH = YES;
				ONLY_ACTIVE_ARCH = YES;
				SDKROOT = iphoneos;
				SWIFT_ACTIVE_COMPILATION_CONDITIONS = "DEBUG $(inherited)";
				SWIFT_OPTIMIZATION_LEVEL = "-Onone";
			};
			name = Debug;
		};
		2293E19F2DD26D5B000A26EA /* Release */ = {
			isa = XCBuildConfiguration;
			buildSettings = {
				ALWAYS_SEARCH_USER_PATHS = NO;
				ASSETCATALOG_COMPILER_GENERATE_SWIFT_ASSET_SYMBOL_EXTENSIONS = YES;
				CLANG_ANALYZER_LOCALIZABILITY_NONLOCALIZED = YES;
				CLANG_ANALYZER_NONNULL = YES;
				CLANG_ANALYZER_NUMBER_OBJECT_CONVERSION = YES_AGGRESSIVE;
				CLANG_CXX_LANGUAGE_STANDARD = "gnu++20";
				CLANG_ENABLE_MODULES = YES;
				CLANG_ENABLE_OBJC_ARC = YES;
				CLANG_ENABLE_OBJC_WEAK = YES;
				CLANG_WARN_BLOCK_CAPTURE_AUTORELEASING = YES;
				CLANG_WARN_BOOL_CONVERSION = YES;
				CLANG_WARN_COMMA = YES;
				CLANG_WARN_CONSTANT_CONVERSION = YES;
				CLANG_WARN_DEPRECATED_OBJC_IMPLEMENTATIONS = YES;
				CLANG_WARN_DIRECT_OBJC_ISA_USAGE = YES_ERROR;
				CLANG_WARN_DOCUMENTATION_COMMENTS = YES;
				CLANG_WARN_EMPTY_BODY = YES;
				CLANG_WARN_ENUM_CONVERSION = YES;
				CLANG_WARN_INFINITE_RECURSION = YES;
				CLANG_WARN_INT_CONVERSION = YES;
				CLANG_WARN_NON_LITERAL_NULL_CONVERSION = YES;
				CLANG_WARN_OBJC_IMPLICIT_RETAIN_SELF = YES;
				CLANG_WARN_OBJC_LITERAL_CONVERSION = YES;
				CLANG_WARN_OBJC_ROOT_CLASS = YES_ERROR;
				CLANG_WARN_QUOTED_INCLUDE_IN_FRAMEWORK_HEADER = YES;
				CLANG_WARN_RANGE_LOOP_ANALYSIS = YES;
				CLANG_WARN_STRICT_PROTOTYPES = YES;
				CLANG_WARN_SUSPICIOUS_MOVE = YES;
				CLANG_WARN_UNGUARDED_AVAILABILITY = YES_AGGRESSIVE;
				CLANG_WARN_UNREACHABLE_CODE = YES;
				CLANG_WARN__DUPLICATE_METHOD_MATCH = YES;
				COPY_PHASE_STRIP = NO;
				DEBUG_INFORMATION_FORMAT = "dwarf-with-dsym";
				ENABLE_NS_ASSERTIONS = NO;
				ENABLE_STRICT_OBJC_MSGSEND = YES;
				ENABLE_USER_SCRIPT_SANDBOXING = YES;
				GCC_C_LANGUAGE_STANDARD = gnu17;
				GCC_NO_COMMON_BLOCKS = YES;
				GCC_WARN_64_TO_32_BIT_CONVERSION = YES;
				GCC_WARN_ABOUT_RETURN_TYPE = YES_ERROR;
				GCC_WARN_UNDECLARED_SELECTOR = YES;
				GCC_WARN_UNINITIALIZED_AUTOS = YES_AGGRESSIVE;
				GCC_WARN_UNUSED_FUNCTION = YES;
				GCC_WARN_UNUSED_VARIABLE = YES;
				IPHONEOS_DEPLOYMENT_TARGET = 17.0;
				LOCALIZATION_PREFERS_STRING_CATALOGS = YES;
				MTL_ENABLE_DEBUG_INFO = NO;
				MTL_FAST_MATH = YES;
				SDKROOT = iphoneos;
				SWIFT_COMPILATION_MODE = wholemodule;
				VALIDATE_PRODUCT = YES;
			};
			name = Release;
		};
		2293E1A12DD26D5B000A26EA /* Debug */ = {
			isa = XCBuildConfiguration;
			buildSettings = {
				ASSETCATALOG_COMPILER_APPICON_NAME = AppIcon;
				ASSETCATALOG_COMPILER_GLOBAL_ACCENT_COLOR_NAME = AccentColor;
				CODE_SIGN_STYLE = Automatic;
				CURRENT_PROJECT_VERSION = 1;
				GENERATE_INFOPLIST_FILE = YES;
				INFOPLIST_FILE = Sportify/Info.plist;
				INFOPLIST_KEY_UIApplicationSupportsIndirectInputEvents = YES;
				INFOPLIST_KEY_UILaunchStoryboardName = LaunchScreen;
				INFOPLIST_KEY_UIMainStoryboardFile = Main;
				INFOPLIST_KEY_UISupportedInterfaceOrientations_iPad = "UIInterfaceOrientationPortrait UIInterfaceOrientationPortraitUpsideDown UIInterfaceOrientationLandscapeLeft UIInterfaceOrientationLandscapeRight";
				INFOPLIST_KEY_UISupportedInterfaceOrientations_iPhone = "UIInterfaceOrientationPortrait UIInterfaceOrientationLandscapeLeft UIInterfaceOrientationLandscapeRight";
				IPHONEOS_DEPLOYMENT_TARGET = 15.0;
				LD_RUNPATH_SEARCH_PATHS = (
					"$(inherited)",
					"@executable_path/Frameworks",
				);
				MARKETING_VERSION = 1.0;
				PRODUCT_BUNDLE_IDENTIFIER = com.mohamed.mayada.Sportify;
				PRODUCT_NAME = "$(TARGET_NAME)";
				SWIFT_EMIT_LOC_STRINGS = YES;
				SWIFT_VERSION = 5.0;
				TARGETED_DEVICE_FAMILY = "1,2";
			};
			name = Debug;
		};
		2293E1A22DD26D5B000A26EA /* Release */ = {
			isa = XCBuildConfiguration;
			buildSettings = {
				ASSETCATALOG_COMPILER_APPICON_NAME = AppIcon;
				ASSETCATALOG_COMPILER_GLOBAL_ACCENT_COLOR_NAME = AccentColor;
				CODE_SIGN_STYLE = Automatic;
				CURRENT_PROJECT_VERSION = 1;
				GENERATE_INFOPLIST_FILE = YES;
				INFOPLIST_FILE = Sportify/Info.plist;
				INFOPLIST_KEY_UIApplicationSupportsIndirectInputEvents = YES;
				INFOPLIST_KEY_UILaunchStoryboardName = LaunchScreen;
				INFOPLIST_KEY_UIMainStoryboardFile = Main;
				INFOPLIST_KEY_UISupportedInterfaceOrientations_iPad = "UIInterfaceOrientationPortrait UIInterfaceOrientationPortraitUpsideDown UIInterfaceOrientationLandscapeLeft UIInterfaceOrientationLandscapeRight";
				INFOPLIST_KEY_UISupportedInterfaceOrientations_iPhone = "UIInterfaceOrientationPortrait UIInterfaceOrientationLandscapeLeft UIInterfaceOrientationLandscapeRight";
				IPHONEOS_DEPLOYMENT_TARGET = 15.0;
				LD_RUNPATH_SEARCH_PATHS = (
					"$(inherited)",
					"@executable_path/Frameworks",
				);
				MARKETING_VERSION = 1.0;
				PRODUCT_BUNDLE_IDENTIFIER = com.mohamed.mayada.Sportify;
				PRODUCT_NAME = "$(TARGET_NAME)";
				SWIFT_EMIT_LOC_STRINGS = YES;
				SWIFT_VERSION = 5.0;
				TARGETED_DEVICE_FAMILY = "1,2";
			};
			name = Release;
		};
		2293E1A42DD26D5B000A26EA /* Debug */ = {
			isa = XCBuildConfiguration;
			buildSettings = {
				ALWAYS_EMBED_SWIFT_STANDARD_LIBRARIES = YES;
				BUNDLE_LOADER = "$(TEST_HOST)";
				CODE_SIGN_STYLE = Automatic;
				CURRENT_PROJECT_VERSION = 1;
				GENERATE_INFOPLIST_FILE = YES;
				IPHONEOS_DEPLOYMENT_TARGET = 17.0;
				MARKETING_VERSION = 1.0;
				PRODUCT_BUNDLE_IDENTIFIER = com.mohamed.mayada.SportifyTests;
				PRODUCT_NAME = "$(TARGET_NAME)";
				SWIFT_EMIT_LOC_STRINGS = NO;
				SWIFT_VERSION = 5.0;
				TARGETED_DEVICE_FAMILY = "1,2";
				TEST_HOST = "$(BUILT_PRODUCTS_DIR)/Sportify.app/$(BUNDLE_EXECUTABLE_FOLDER_PATH)/Sportify";
			};
			name = Debug;
		};
		2293E1A52DD26D5B000A26EA /* Release */ = {
			isa = XCBuildConfiguration;
			buildSettings = {
				ALWAYS_EMBED_SWIFT_STANDARD_LIBRARIES = YES;
				BUNDLE_LOADER = "$(TEST_HOST)";
				CODE_SIGN_STYLE = Automatic;
				CURRENT_PROJECT_VERSION = 1;
				GENERATE_INFOPLIST_FILE = YES;
				IPHONEOS_DEPLOYMENT_TARGET = 17.0;
				MARKETING_VERSION = 1.0;
				PRODUCT_BUNDLE_IDENTIFIER = com.mohamed.mayada.SportifyTests;
				PRODUCT_NAME = "$(TARGET_NAME)";
				SWIFT_EMIT_LOC_STRINGS = NO;
				SWIFT_VERSION = 5.0;
				TARGETED_DEVICE_FAMILY = "1,2";
				TEST_HOST = "$(BUILT_PRODUCTS_DIR)/Sportify.app/$(BUNDLE_EXECUTABLE_FOLDER_PATH)/Sportify";
			};
			name = Release;
		};
		2293E1A72DD26D5B000A26EA /* Debug */ = {
			isa = XCBuildConfiguration;
			buildSettings = {
				ALWAYS_EMBED_SWIFT_STANDARD_LIBRARIES = YES;
				CODE_SIGN_STYLE = Automatic;
				CURRENT_PROJECT_VERSION = 1;
				GENERATE_INFOPLIST_FILE = YES;
				MARKETING_VERSION = 1.0;
				PRODUCT_BUNDLE_IDENTIFIER = com.mohamed.mayada.SportifyUITests;
				PRODUCT_NAME = "$(TARGET_NAME)";
				SWIFT_EMIT_LOC_STRINGS = NO;
				SWIFT_VERSION = 5.0;
				TARGETED_DEVICE_FAMILY = "1,2";
				TEST_TARGET_NAME = Sportify;
			};
			name = Debug;
		};
		2293E1A82DD26D5B000A26EA /* Release */ = {
			isa = XCBuildConfiguration;
			buildSettings = {
				ALWAYS_EMBED_SWIFT_STANDARD_LIBRARIES = YES;
				CODE_SIGN_STYLE = Automatic;
				CURRENT_PROJECT_VERSION = 1;
				GENERATE_INFOPLIST_FILE = YES;
				MARKETING_VERSION = 1.0;
				PRODUCT_BUNDLE_IDENTIFIER = com.mohamed.mayada.SportifyUITests;
				PRODUCT_NAME = "$(TARGET_NAME)";
				SWIFT_EMIT_LOC_STRINGS = NO;
				SWIFT_VERSION = 5.0;
				TARGETED_DEVICE_FAMILY = "1,2";
				TEST_TARGET_NAME = Sportify;
			};
			name = Release;
		};
/* End XCBuildConfiguration section */

/* Begin XCConfigurationList section */
		2293E16E2DD26D58000A26EA /* Build configuration list for PBXProject "Sportify" */ = {
			isa = XCConfigurationList;
			buildConfigurations = (
				2293E19E2DD26D5B000A26EA /* Debug */,
				2293E19F2DD26D5B000A26EA /* Release */,
			);
			defaultConfigurationIsVisible = 0;
			defaultConfigurationName = Release;
		};
		2293E1A02DD26D5B000A26EA /* Build configuration list for PBXNativeTarget "Sportify" */ = {
			isa = XCConfigurationList;
			buildConfigurations = (
				2293E1A12DD26D5B000A26EA /* Debug */,
				2293E1A22DD26D5B000A26EA /* Release */,
			);
			defaultConfigurationIsVisible = 0;
			defaultConfigurationName = Release;
		};
		2293E1A32DD26D5B000A26EA /* Build configuration list for PBXNativeTarget "SportifyTests" */ = {
			isa = XCConfigurationList;
			buildConfigurations = (
				2293E1A42DD26D5B000A26EA /* Debug */,
				2293E1A52DD26D5B000A26EA /* Release */,
			);
			defaultConfigurationIsVisible = 0;
			defaultConfigurationName = Release;
		};
		2293E1A62DD26D5B000A26EA /* Build configuration list for PBXNativeTarget "SportifyUITests" */ = {
			isa = XCConfigurationList;
			buildConfigurations = (
				2293E1A72DD26D5B000A26EA /* Debug */,
				2293E1A82DD26D5B000A26EA /* Release */,
			);
			defaultConfigurationIsVisible = 0;
			defaultConfigurationName = Release;
		};
/* End XCConfigurationList section */

/* Begin XCRemoteSwiftPackageReference section */
		222E33C42DD3E8560022E033 /* XCRemoteSwiftPackageReference "SDWebImage" */ = {
			isa = XCRemoteSwiftPackageReference;
			repositoryURL = "https://github.com/SDWebImage/SDWebImage";
			requirement = {
				kind = upToNextMajorVersion;
				minimumVersion = 5.21.0;
			};
		};
		222E33CA2DD3EE910022E033 /* XCRemoteSwiftPackageReference "Alamofire" */ = {
			isa = XCRemoteSwiftPackageReference;
			repositoryURL = "https://github.com/Alamofire/Alamofire";
			requirement = {
				kind = upToNextMajorVersion;
				minimumVersion = 5.10.2;
			};
		};
/* End XCRemoteSwiftPackageReference section */

/* Begin XCSwiftPackageProductDependency section */
		222E33C62DD3E8E30022E033 /* SDWebImage */ = {
			isa = XCSwiftPackageProductDependency;
			package = 222E33C42DD3E8560022E033 /* XCRemoteSwiftPackageReference "SDWebImage" */;
			productName = SDWebImage;
		};
		222E33C82DD3E8E70022E033 /* SDWebImageMapKit */ = {
			isa = XCSwiftPackageProductDependency;
			package = 222E33C42DD3E8560022E033 /* XCRemoteSwiftPackageReference "SDWebImage" */;
			productName = SDWebImageMapKit;
		};
		222E33CD2DD3EEFD0022E033 /* Alamofire */ = {
			isa = XCSwiftPackageProductDependency;
			package = 222E33CA2DD3EE910022E033 /* XCRemoteSwiftPackageReference "Alamofire" */;
			productName = Alamofire;
		};
		222E33CF2DD3EF020022E033 /* AlamofireDynamic */ = {
			isa = XCSwiftPackageProductDependency;
			package = 222E33CA2DD3EE910022E033 /* XCRemoteSwiftPackageReference "Alamofire" */;
			productName = AlamofireDynamic;
		};
/* End XCSwiftPackageProductDependency section */

/* Begin XCVersionGroup section */
		2293E17F2DD26D58000A26EA /* Sportify.xcdatamodeld */ = {
			isa = XCVersionGroup;
			children = (
				2293E1802DD26D58000A26EA /* Sportify.xcdatamodel */,
			);
			currentVersion = 2293E1802DD26D58000A26EA /* Sportify.xcdatamodel */;
			path = Sportify.xcdatamodeld;
			sourceTree = "<group>";
			versionGroupType = wrapper.xcdatamodel;
		};
/* End XCVersionGroup section */
	};
	rootObject = 2293E16B2DD26D58000A26EA /* Project object */;
}
